// !$*UTF8*$!
{
	archiveVersion = 1;
	classes = {
	};
	objectVersion = 56;
	objects = {

/* Begin PBXBuildFile section */
		5E1434B62B10A4AF008D2602 /* AuthViewController.swift in Sources */ = {isa = PBXBuildFile; fileRef = 5E1434B52B10A4AF008D2602 /* AuthViewController.swift */; };
		5E1434BB2B10AF1E008D2602 /* Localizable.strings in Resources */ = {isa = PBXBuildFile; fileRef = 5E1434BD2B10AF1E008D2602 /* Localizable.strings */; };
		5E1434C02B10AFC4008D2602 /* String+Ext.swift in Sources */ = {isa = PBXBuildFile; fileRef = 5E1434BF2B10AFC4008D2602 /* String+Ext.swift */; };
		5E1C219F2AEE35D6007055A4 /* ImagesListPresenter.swift in Sources */ = {isa = PBXBuildFile; fileRef = 5E1C219E2AEE35D6007055A4 /* ImagesListPresenter.swift */; };
		5E1C21A12AEE36ED007055A4 /* ImagesListRouter.swift in Sources */ = {isa = PBXBuildFile; fileRef = 5E1C21A02AEE36ED007055A4 /* ImagesListRouter.swift */; };
		5E1C21A32AEE38AC007055A4 /* ImageListAssembly.swift in Sources */ = {isa = PBXBuildFile; fileRef = 5E1C21A22AEE38AC007055A4 /* ImageListAssembly.swift */; };
		5E1C21A72AEE3E4D007055A4 /* SingleImageViewController.swift in Sources */ = {isa = PBXBuildFile; fileRef = 5E1C21A62AEE3E4D007055A4 /* SingleImageViewController.swift */; };
		5E1C21A92AEE4272007055A4 /* ProfileAssembly.swift in Sources */ = {isa = PBXBuildFile; fileRef = 5E1C21A82AEE4272007055A4 /* ProfileAssembly.swift */; };
		5E1C21AB2AEEC867007055A4 /* SingleImageAssembly.swift in Sources */ = {isa = PBXBuildFile; fileRef = 5E1C21AA2AEEC867007055A4 /* SingleImageAssembly.swift */; };
		5E1D66372AD01C0C007693DF /* AppDelegate.swift in Sources */ = {isa = PBXBuildFile; fileRef = 5E1D66362AD01C0C007693DF /* AppDelegate.swift */; };
		5E1D66392AD01C0C007693DF /* SceneDelegate.swift in Sources */ = {isa = PBXBuildFile; fileRef = 5E1D66382AD01C0C007693DF /* SceneDelegate.swift */; };
		5E1D663B2AD01C0C007693DF /* ImagesListViewController.swift in Sources */ = {isa = PBXBuildFile; fileRef = 5E1D663A2AD01C0C007693DF /* ImagesListViewController.swift */; };
		5E1D66402AD01C0F007693DF /* Assets.xcassets in Resources */ = {isa = PBXBuildFile; fileRef = 5E1D663F2AD01C0F007693DF /* Assets.xcassets */; };
		5E1D66432AD01C0F007693DF /* LaunchScreen.storyboard in Resources */ = {isa = PBXBuildFile; fileRef = 5E1D66412AD01C0F007693DF /* LaunchScreen.storyboard */; };
		5E1D664F2AD3E8F6007693DF /* AssetsHelper.swift in Sources */ = {isa = PBXBuildFile; fileRef = 5E1D664E2AD3E8F6007693DF /* AssetsHelper.swift */; };
		5E1D66512AD3F0D4007693DF /* UIView+Ext.swift in Sources */ = {isa = PBXBuildFile; fileRef = 5E1D66502AD3F0D4007693DF /* UIView+Ext.swift */; };
		5E1D665D2AD485CE007693DF /* ImagesListCell.swift in Sources */ = {isa = PBXBuildFile; fileRef = 5E1D665C2AD485CE007693DF /* ImagesListCell.swift */; };
		5E34E19B2ADAFD160056F2D9 /* GradientView.swift in Sources */ = {isa = PBXBuildFile; fileRef = 5E34E19A2ADAFD160056F2D9 /* GradientView.swift */; };
		5E6545DC2B1327D5004B7510 /* WebViewViewController.swift in Sources */ = {isa = PBXBuildFile; fileRef = 5E6545DB2B1327D5004B7510 /* WebViewViewController.swift */; };
		5E6545DF2B132899004B7510 /* AuthAssembly.swift in Sources */ = {isa = PBXBuildFile; fileRef = 5E6545DE2B132899004B7510 /* AuthAssembly.swift */; };
		5E6545E12B1328B5004B7510 /* AuthRouter.swift in Sources */ = {isa = PBXBuildFile; fileRef = 5E6545E02B1328B5004B7510 /* AuthRouter.swift */; };
		5E6545E32B1328F1004B7510 /* AuthPresenter.swift in Sources */ = {isa = PBXBuildFile; fileRef = 5E6545E22B1328F1004B7510 /* AuthPresenter.swift */; };
		5E6545E52B13CC54004B7510 /* WebViewPresenter.swift in Sources */ = {isa = PBXBuildFile; fileRef = 5E6545E42B13CC54004B7510 /* WebViewPresenter.swift */; };
		5E6545E72B13CE17004B7510 /* WebViewAssembly.swift in Sources */ = {isa = PBXBuildFile; fileRef = 5E6545E62B13CE17004B7510 /* WebViewAssembly.swift */; };
		5E6545EA2B14BD4A004B7510 /* OAuth2TokenResponse.swift in Sources */ = {isa = PBXBuildFile; fileRef = 5E6545E92B14BD4A004B7510 /* OAuth2TokenResponse.swift */; };
		5E6545EE2B14BF52004B7510 /* OAuth2Service.swift in Sources */ = {isa = PBXBuildFile; fileRef = 5E6545ED2B14BF52004B7510 /* OAuth2Service.swift */; };
		5E6545F02B14FA35004B7510 /* OAuth2TokenStorage.swift in Sources */ = {isa = PBXBuildFile; fileRef = 5E6545EF2B14FA35004B7510 /* OAuth2TokenStorage.swift */; };
		5E6F89B92B18C49500FA6666 /* UIBlockingProgressHUD.swift in Sources */ = {isa = PBXBuildFile; fileRef = 5E6F89B82B18C49500FA6666 /* UIBlockingProgressHUD.swift */; };
		5E6F89BC2B18DDEE00FA6666 /* ProfilePresenter.swift in Sources */ = {isa = PBXBuildFile; fileRef = 5E6F89BB2B18DDEE00FA6666 /* ProfilePresenter.swift */; };
		5E6F89BF2B18DF1400FA6666 /* ProfileService.swift in Sources */ = {isa = PBXBuildFile; fileRef = 5E6F89BE2B18DF1400FA6666 /* ProfileService.swift */; };
		5E6F89C22B18E09000FA6666 /* ProfileResult.swift in Sources */ = {isa = PBXBuildFile; fileRef = 5E6F89C12B18E09000FA6666 /* ProfileResult.swift */; };
		5E6F89C82B18E23400FA6666 /* ProfileViewModel.swift in Sources */ = {isa = PBXBuildFile; fileRef = 5E6F89C72B18E23400FA6666 /* ProfileViewModel.swift */; };
		5E6F89CB2B18E44200FA6666 /* HttpMethod.swift in Sources */ = {isa = PBXBuildFile; fileRef = 5E6F89CA2B18E44200FA6666 /* HttpMethod.swift */; };
		5E6F89CF2B18E65900FA6666 /* RequestPerformer.swift in Sources */ = {isa = PBXBuildFile; fileRef = 5E6F89CE2B18E65900FA6666 /* RequestPerformer.swift */; };
		5E6F89D32B1A05E400FA6666 /* ProfileImageService.swift in Sources */ = {isa = PBXBuildFile; fileRef = 5E6F89D22B1A05E400FA6666 /* ProfileImageService.swift */; };
		5E6F89D52B1A05F500FA6666 /* UserResult.swift in Sources */ = {isa = PBXBuildFile; fileRef = 5E6F89D42B1A05F500FA6666 /* UserResult.swift */; };
		5E71F9962B1F65640086606C /* Kingfisher in Frameworks */ = {isa = PBXBuildFile; productRef = 5E71F9952B1F65640086606C /* Kingfisher */; };
		5E8133422AE85D8500688D6A /* ProfileViewController.swift in Sources */ = {isa = PBXBuildFile; fileRef = 5E8133412AE85D8500688D6A /* ProfileViewController.swift */; };
		5E9173922B16685100B8B8A9 /* SplashViewController.swift in Sources */ = {isa = PBXBuildFile; fileRef = 5E9173912B16685100B8B8A9 /* SplashViewController.swift */; };
		5E9173942B16699F00B8B8A9 /* SplashPresenter.swift in Sources */ = {isa = PBXBuildFile; fileRef = 5E9173932B16699F00B8B8A9 /* SplashPresenter.swift */; };
		5E9173962B1669AC00B8B8A9 /* SplashRouter.swift in Sources */ = {isa = PBXBuildFile; fileRef = 5E9173952B1669AC00B8B8A9 /* SplashRouter.swift */; };
		5E9173992B1669C100B8B8A9 /* SplashAssembly.swift in Sources */ = {isa = PBXBuildFile; fileRef = 5E9173982B1669C100B8B8A9 /* SplashAssembly.swift */; };
		5EDEB8172B17548400C1EC53 /* ServiceError.swift in Sources */ = {isa = PBXBuildFile; fileRef = 5EDEB8162B17548400C1EC53 /* ServiceError.swift */; };
		5EDEB81A2B17726C00C1EC53 /* ProgressHUD in Frameworks */ = {isa = PBXBuildFile; productRef = 5EDEB8192B17726C00C1EC53 /* ProgressHUD */; };
		5EDF92652AEACB210042DD43 /* TabBarController.swift in Sources */ = {isa = PBXBuildFile; fileRef = 5EDF92642AEACB210042DD43 /* TabBarController.swift */; };
		5EF41EA02AF7BFC700266AFA /* AppConstant.swift in Sources */ = {isa = PBXBuildFile; fileRef = 5EF41E9F2AF7BFC700266AFA /* AppConstant.swift */; };
/* End PBXBuildFile section */

/* Begin PBXFileReference section */
		5E1434B52B10A4AF008D2602 /* AuthViewController.swift */ = {isa = PBXFileReference; lastKnownFileType = sourcecode.swift; path = AuthViewController.swift; sourceTree = "<group>"; };
		5E1434BC2B10AF1E008D2602 /* en */ = {isa = PBXFileReference; lastKnownFileType = text.plist.strings; name = en; path = en.lproj/Localizable.strings; sourceTree = "<group>"; };
		5E1434BE2B10AF2A008D2602 /* ru */ = {isa = PBXFileReference; lastKnownFileType = text.plist.strings; name = ru; path = ru.lproj/Localizable.strings; sourceTree = "<group>"; };
		5E1434BF2B10AFC4008D2602 /* String+Ext.swift */ = {isa = PBXFileReference; lastKnownFileType = sourcecode.swift; path = "String+Ext.swift"; sourceTree = "<group>"; };
		5E1C219E2AEE35D6007055A4 /* ImagesListPresenter.swift */ = {isa = PBXFileReference; lastKnownFileType = sourcecode.swift; path = ImagesListPresenter.swift; sourceTree = "<group>"; };
		5E1C21A02AEE36ED007055A4 /* ImagesListRouter.swift */ = {isa = PBXFileReference; lastKnownFileType = sourcecode.swift; path = ImagesListRouter.swift; sourceTree = "<group>"; };
		5E1C21A22AEE38AC007055A4 /* ImageListAssembly.swift */ = {isa = PBXFileReference; lastKnownFileType = sourcecode.swift; path = ImageListAssembly.swift; sourceTree = "<group>"; };
		5E1C21A62AEE3E4D007055A4 /* SingleImageViewController.swift */ = {isa = PBXFileReference; lastKnownFileType = sourcecode.swift; path = SingleImageViewController.swift; sourceTree = "<group>"; };
		5E1C21A82AEE4272007055A4 /* ProfileAssembly.swift */ = {isa = PBXFileReference; lastKnownFileType = sourcecode.swift; path = ProfileAssembly.swift; sourceTree = "<group>"; };
		5E1C21AA2AEEC867007055A4 /* SingleImageAssembly.swift */ = {isa = PBXFileReference; lastKnownFileType = sourcecode.swift; path = SingleImageAssembly.swift; sourceTree = "<group>"; };
		5E1D66332AD01C0C007693DF /* ImageFeed.app */ = {isa = PBXFileReference; explicitFileType = wrapper.application; includeInIndex = 0; path = ImageFeed.app; sourceTree = BUILT_PRODUCTS_DIR; };
		5E1D66362AD01C0C007693DF /* AppDelegate.swift */ = {isa = PBXFileReference; lastKnownFileType = sourcecode.swift; path = AppDelegate.swift; sourceTree = "<group>"; };
		5E1D66382AD01C0C007693DF /* SceneDelegate.swift */ = {isa = PBXFileReference; lastKnownFileType = sourcecode.swift; path = SceneDelegate.swift; sourceTree = "<group>"; };
		5E1D663A2AD01C0C007693DF /* ImagesListViewController.swift */ = {isa = PBXFileReference; lastKnownFileType = sourcecode.swift; path = ImagesListViewController.swift; sourceTree = "<group>"; };
		5E1D663F2AD01C0F007693DF /* Assets.xcassets */ = {isa = PBXFileReference; lastKnownFileType = folder.assetcatalog; path = Assets.xcassets; sourceTree = "<group>"; };
		5E1D66422AD01C0F007693DF /* Base */ = {isa = PBXFileReference; lastKnownFileType = file.storyboard; name = Base; path = Base.lproj/LaunchScreen.storyboard; sourceTree = "<group>"; };
		5E1D66442AD01C0F007693DF /* Info.plist */ = {isa = PBXFileReference; lastKnownFileType = text.plist.xml; path = Info.plist; sourceTree = "<group>"; };
		5E1D664E2AD3E8F6007693DF /* AssetsHelper.swift */ = {isa = PBXFileReference; lastKnownFileType = sourcecode.swift; path = AssetsHelper.swift; sourceTree = "<group>"; };
		5E1D66502AD3F0D4007693DF /* UIView+Ext.swift */ = {isa = PBXFileReference; lastKnownFileType = sourcecode.swift; path = "UIView+Ext.swift"; sourceTree = "<group>"; };
		5E1D665C2AD485CE007693DF /* ImagesListCell.swift */ = {isa = PBXFileReference; lastKnownFileType = sourcecode.swift; path = ImagesListCell.swift; sourceTree = "<group>"; };
		5E34E19A2ADAFD160056F2D9 /* GradientView.swift */ = {isa = PBXFileReference; lastKnownFileType = sourcecode.swift; path = GradientView.swift; sourceTree = "<group>"; };
		5E6545DB2B1327D5004B7510 /* WebViewViewController.swift */ = {isa = PBXFileReference; lastKnownFileType = sourcecode.swift; path = WebViewViewController.swift; sourceTree = "<group>"; };
		5E6545DE2B132899004B7510 /* AuthAssembly.swift */ = {isa = PBXFileReference; lastKnownFileType = sourcecode.swift; path = AuthAssembly.swift; sourceTree = "<group>"; };
		5E6545E02B1328B5004B7510 /* AuthRouter.swift */ = {isa = PBXFileReference; lastKnownFileType = sourcecode.swift; path = AuthRouter.swift; sourceTree = "<group>"; };
		5E6545E22B1328F1004B7510 /* AuthPresenter.swift */ = {isa = PBXFileReference; lastKnownFileType = sourcecode.swift; path = AuthPresenter.swift; sourceTree = "<group>"; };
		5E6545E42B13CC54004B7510 /* WebViewPresenter.swift */ = {isa = PBXFileReference; lastKnownFileType = sourcecode.swift; path = WebViewPresenter.swift; sourceTree = "<group>"; };
		5E6545E62B13CE17004B7510 /* WebViewAssembly.swift */ = {isa = PBXFileReference; lastKnownFileType = sourcecode.swift; path = WebViewAssembly.swift; sourceTree = "<group>"; };
		5E6545E92B14BD4A004B7510 /* OAuth2TokenResponse.swift */ = {isa = PBXFileReference; lastKnownFileType = sourcecode.swift; path = OAuth2TokenResponse.swift; sourceTree = "<group>"; };
		5E6545ED2B14BF52004B7510 /* OAuth2Service.swift */ = {isa = PBXFileReference; lastKnownFileType = sourcecode.swift; path = OAuth2Service.swift; sourceTree = "<group>"; };
		5E6545EF2B14FA35004B7510 /* OAuth2TokenStorage.swift */ = {isa = PBXFileReference; lastKnownFileType = sourcecode.swift; path = OAuth2TokenStorage.swift; sourceTree = "<group>"; };
		5E6F89B82B18C49500FA6666 /* UIBlockingProgressHUD.swift */ = {isa = PBXFileReference; lastKnownFileType = sourcecode.swift; path = UIBlockingProgressHUD.swift; sourceTree = "<group>"; };
		5E6F89BB2B18DDEE00FA6666 /* ProfilePresenter.swift */ = {isa = PBXFileReference; lastKnownFileType = sourcecode.swift; path = ProfilePresenter.swift; sourceTree = "<group>"; };
		5E6F89BE2B18DF1400FA6666 /* ProfileService.swift */ = {isa = PBXFileReference; lastKnownFileType = sourcecode.swift; path = ProfileService.swift; sourceTree = "<group>"; };
		5E6F89C12B18E09000FA6666 /* ProfileResult.swift */ = {isa = PBXFileReference; lastKnownFileType = sourcecode.swift; path = ProfileResult.swift; sourceTree = "<group>"; };
		5E6F89C72B18E23400FA6666 /* ProfileViewModel.swift */ = {isa = PBXFileReference; lastKnownFileType = sourcecode.swift; path = ProfileViewModel.swift; sourceTree = "<group>"; };
		5E6F89CA2B18E44200FA6666 /* HttpMethod.swift */ = {isa = PBXFileReference; lastKnownFileType = sourcecode.swift; path = HttpMethod.swift; sourceTree = "<group>"; };
		5E6F89CE2B18E65900FA6666 /* RequestPerformer.swift */ = {isa = PBXFileReference; lastKnownFileType = sourcecode.swift; path = RequestPerformer.swift; sourceTree = "<group>"; };
		5E6F89D22B1A05E400FA6666 /* ProfileImageService.swift */ = {isa = PBXFileReference; lastKnownFileType = sourcecode.swift; path = ProfileImageService.swift; sourceTree = "<group>"; };
		5E6F89D42B1A05F500FA6666 /* UserResult.swift */ = {isa = PBXFileReference; lastKnownFileType = sourcecode.swift; path = UserResult.swift; sourceTree = "<group>"; };
		5E8133412AE85D8500688D6A /* ProfileViewController.swift */ = {isa = PBXFileReference; lastKnownFileType = sourcecode.swift; path = ProfileViewController.swift; sourceTree = "<group>"; };
		5E9173912B16685100B8B8A9 /* SplashViewController.swift */ = {isa = PBXFileReference; lastKnownFileType = sourcecode.swift; path = SplashViewController.swift; sourceTree = "<group>"; };
		5E9173932B16699F00B8B8A9 /* SplashPresenter.swift */ = {isa = PBXFileReference; lastKnownFileType = sourcecode.swift; path = SplashPresenter.swift; sourceTree = "<group>"; };
		5E9173952B1669AC00B8B8A9 /* SplashRouter.swift */ = {isa = PBXFileReference; lastKnownFileType = sourcecode.swift; path = SplashRouter.swift; sourceTree = "<group>"; };
		5E9173982B1669C100B8B8A9 /* SplashAssembly.swift */ = {isa = PBXFileReference; lastKnownFileType = sourcecode.swift; path = SplashAssembly.swift; sourceTree = "<group>"; };
		5EDEB8162B17548400C1EC53 /* ServiceError.swift */ = {isa = PBXFileReference; lastKnownFileType = sourcecode.swift; path = ServiceError.swift; sourceTree = "<group>"; };
		5EDF92642AEACB210042DD43 /* TabBarController.swift */ = {isa = PBXFileReference; lastKnownFileType = sourcecode.swift; path = TabBarController.swift; sourceTree = "<group>"; };
		5EF41E9F2AF7BFC700266AFA /* AppConstant.swift */ = {isa = PBXFileReference; lastKnownFileType = sourcecode.swift; path = AppConstant.swift; sourceTree = "<group>"; };
/* End PBXFileReference section */

/* Begin PBXFrameworksBuildPhase section */
		5E1D66302AD01C0C007693DF /* Frameworks */ = {
			isa = PBXFrameworksBuildPhase;
			buildActionMask = 2147483647;
			files = (
				5E71F9962B1F65640086606C /* Kingfisher in Frameworks */,
				5EDEB81A2B17726C00C1EC53 /* ProgressHUD in Frameworks */,
			);
			runOnlyForDeploymentPostprocessing = 0;
		};
/* End PBXFrameworksBuildPhase section */

/* Begin PBXGroup section */
		5E1434B82B10AEFE008D2602 /* Resources */ = {
			isa = PBXGroup;
			children = (
				5E1434BD2B10AF1E008D2602 /* Localizable.strings */,
			);
			path = Resources;
			sourceTree = "<group>";
		};
		5E1C21A52AEE3E39007055A4 /* SingleImage */ = {
			isa = PBXGroup;
			children = (
				5E1C21AA2AEEC867007055A4 /* SingleImageAssembly.swift */,
				5E1C21A62AEE3E4D007055A4 /* SingleImageViewController.swift */,
			);
			path = SingleImage;
			sourceTree = "<group>";
		};
		5E1D662A2AD01C0C007693DF = {
			isa = PBXGroup;
			children = (
				5E1D66352AD01C0C007693DF /* ImageFeed */,
				5E1D66342AD01C0C007693DF /* Products */,
			);
			sourceTree = "<group>";
		};
		5E1D66342AD01C0C007693DF /* Products */ = {
			isa = PBXGroup;
			children = (
				5E1D66332AD01C0C007693DF /* ImageFeed.app */,
			);
			name = Products;
			sourceTree = "<group>";
		};
		5E1D66352AD01C0C007693DF /* ImageFeed */ = {
			isa = PBXGroup;
			children = (
				5E1434B82B10AEFE008D2602 /* Resources */,
				5E1D664A2AD3E8AD007693DF /* Presentation */,
				5E6545E82B14BD2C004B7510 /* Network */,
				5E1D664C2AD3E8CE007693DF /* Extensions */,
				5E6F89BA2B18C49A00FA6666 /* Utils */,
				5E6545DA2B132795004B7510 /* Secrets */,
				5E1D66362AD01C0C007693DF /* AppDelegate.swift */,
				5E1D66382AD01C0C007693DF /* SceneDelegate.swift */,
				5E1D663F2AD01C0F007693DF /* Assets.xcassets */,
				5E1D66412AD01C0F007693DF /* LaunchScreen.storyboard */,
				5E1D66442AD01C0F007693DF /* Info.plist */,
			);
			path = ImageFeed;
			sourceTree = "<group>";
		};
		5E1D664A2AD3E8AD007693DF /* Presentation */ = {
			isa = PBXGroup;
			children = (
				5E9173972B1669B400B8B8A9 /* Splash */,
				5E6545D92B132697004B7510 /* Auth */,
				5E1D664B2AD3E8B8007693DF /* ImagesList */,
				5EDF92632AEACAF50042DD43 /* Profile */,
				5EDF92642AEACB210042DD43 /* TabBarController.swift */,
			);
			path = Presentation;
			sourceTree = "<group>";
		};
		5E1D664B2AD3E8B8007693DF /* ImagesList */ = {
			isa = PBXGroup;
			children = (
				5E1C21A52AEE3E39007055A4 /* SingleImage */,
				5E34E1992ADAFB180056F2D9 /* Cell */,
				5E1C21A22AEE38AC007055A4 /* ImageListAssembly.swift */,
				5E1D663A2AD01C0C007693DF /* ImagesListViewController.swift */,
				5E1C219E2AEE35D6007055A4 /* ImagesListPresenter.swift */,
				5E1C21A02AEE36ED007055A4 /* ImagesListRouter.swift */,
			);
			path = ImagesList;
			sourceTree = "<group>";
		};
		5E1D664C2AD3E8CE007693DF /* Extensions */ = {
			isa = PBXGroup;
			children = (
				5E1D664E2AD3E8F6007693DF /* AssetsHelper.swift */,
				5E1D66502AD3F0D4007693DF /* UIView+Ext.swift */,
				5E1434BF2B10AFC4008D2602 /* String+Ext.swift */,
			);
			path = Extensions;
			sourceTree = "<group>";
		};
		5E34E1992ADAFB180056F2D9 /* Cell */ = {
			isa = PBXGroup;
			children = (
				5E34E19A2ADAFD160056F2D9 /* GradientView.swift */,
				5E1D665C2AD485CE007693DF /* ImagesListCell.swift */,
			);
			path = Cell;
			sourceTree = "<group>";
		};
		5E6545D92B132697004B7510 /* Auth */ = {
			isa = PBXGroup;
			children = (
				5E6545DE2B132899004B7510 /* AuthAssembly.swift */,
				5E1434B52B10A4AF008D2602 /* AuthViewController.swift */,
				5E6545E22B1328F1004B7510 /* AuthPresenter.swift */,
				5E6545E02B1328B5004B7510 /* AuthRouter.swift */,
				5E6545DD2B132888004B7510 /* WebView */,
			);
			path = Auth;
			sourceTree = "<group>";
		};
		5E6545DA2B132795004B7510 /* Secrets */ = {
			isa = PBXGroup;
			children = (
				5EF41E9F2AF7BFC700266AFA /* AppConstant.swift */,
			);
			path = Secrets;
			sourceTree = "<group>";
		};
		5E6545DD2B132888004B7510 /* WebView */ = {
			isa = PBXGroup;
			children = (
				5E6545E62B13CE17004B7510 /* WebViewAssembly.swift */,
				5E6545DB2B1327D5004B7510 /* WebViewViewController.swift */,
				5E6545E42B13CC54004B7510 /* WebViewPresenter.swift */,
			);
			path = WebView;
			sourceTree = "<group>";
		};
		5E6545E82B14BD2C004B7510 /* Network */ = {
			isa = PBXGroup;
			children = (
				5E6F89CD2B18E48700FA6666 /* Common */,
				5E6F89BD2B18DECA00FA6666 /* OAuth2 */,
				5E6F89C02B18DF1600FA6666 /* Profile */,
			);
			path = Network;
			sourceTree = "<group>";
		};
		5E6545EB2B14BD66004B7510 /* Models */ = {
			isa = PBXGroup;
			children = (
				5E6545EF2B14FA35004B7510 /* OAuth2TokenStorage.swift */,
				5E6545E92B14BD4A004B7510 /* OAuth2TokenResponse.swift */,
			);
			path = Models;
			sourceTree = "<group>";
		};
		5E6545EC2B14BF3D004B7510 /* Services */ = {
			isa = PBXGroup;
			children = (
				5E6545ED2B14BF52004B7510 /* OAuth2Service.swift */,
			);
			path = Services;
			sourceTree = "<group>";
		};
		5E6F89BA2B18C49A00FA6666 /* Utils */ = {
			isa = PBXGroup;
			children = (
				5E6F89B82B18C49500FA6666 /* UIBlockingProgressHUD.swift */,
			);
			path = Utils;
			sourceTree = "<group>";
		};
		5E6F89BD2B18DECA00FA6666 /* OAuth2 */ = {
			isa = PBXGroup;
			children = (
				5E6545EB2B14BD66004B7510 /* Models */,
				5E6545EC2B14BF3D004B7510 /* Services */,
			);
			path = OAuth2;
			sourceTree = "<group>";
		};
		5E6F89C02B18DF1600FA6666 /* Profile */ = {
			isa = PBXGroup;
			children = (
				5E6F89C32B18E09500FA6666 /* Models */,
				5E6F89C42B18E09C00FA6666 /* Services */,
			);
			path = Profile;
			sourceTree = "<group>";
		};
		5E6F89C32B18E09500FA6666 /* Models */ = {
			isa = PBXGroup;
			children = (
				5E6F89C12B18E09000FA6666 /* ProfileResult.swift */,
				5E6F89D42B1A05F500FA6666 /* UserResult.swift */,
			);
			path = Models;
			sourceTree = "<group>";
		};
		5E6F89C42B18E09C00FA6666 /* Services */ = {
			isa = PBXGroup;
			children = (
				5E6F89D22B1A05E400FA6666 /* ProfileImageService.swift */,
				5E6F89BE2B18DF1400FA6666 /* ProfileService.swift */,
			);
			path = Services;
			sourceTree = "<group>";
		};
		5E6F89C92B18E23800FA6666 /* ViewModels */ = {
			isa = PBXGroup;
			children = (
				5E6F89C72B18E23400FA6666 /* ProfileViewModel.swift */,
			);
			path = ViewModels;
			sourceTree = "<group>";
		};
		5E6F89CD2B18E48700FA6666 /* Common */ = {
			isa = PBXGroup;
			children = (
				5E6F89CE2B18E65900FA6666 /* RequestPerformer.swift */,
				5EDEB8162B17548400C1EC53 /* ServiceError.swift */,
				5E6F89CA2B18E44200FA6666 /* HttpMethod.swift */,
			);
			path = Common;
			sourceTree = "<group>";
		};
		5E9173972B1669B400B8B8A9 /* Splash */ = {
			isa = PBXGroup;
			children = (
				5E9173982B1669C100B8B8A9 /* SplashAssembly.swift */,
				5E9173912B16685100B8B8A9 /* SplashViewController.swift */,
				5E9173932B16699F00B8B8A9 /* SplashPresenter.swift */,
				5E9173952B1669AC00B8B8A9 /* SplashRouter.swift */,
			);
			path = Splash;
			sourceTree = "<group>";
		};
		5EDF92632AEACAF50042DD43 /* Profile */ = {
			isa = PBXGroup;
			children = (
				5E6F89C92B18E23800FA6666 /* ViewModels */,
				5E1C21A82AEE4272007055A4 /* ProfileAssembly.swift */,
				5E8133412AE85D8500688D6A /* ProfileViewController.swift */,
				5E6F89BB2B18DDEE00FA6666 /* ProfilePresenter.swift */,
			);
			path = Profile;
			sourceTree = "<group>";
		};
/* End PBXGroup section */

/* Begin PBXNativeTarget section */
		5E1D66322AD01C0C007693DF /* ImageFeed */ = {
			isa = PBXNativeTarget;
			buildConfigurationList = 5E1D66472AD01C0F007693DF /* Build configuration list for PBXNativeTarget "ImageFeed" */;
			buildPhases = (
				5E1D662F2AD01C0C007693DF /* Sources */,
				5E1D66302AD01C0C007693DF /* Frameworks */,
				5E1D66312AD01C0C007693DF /* Resources */,
			);
			buildRules = (
			);
			dependencies = (
			);
			name = ImageFeed;
			packageProductDependencies = (
				5EDEB8192B17726C00C1EC53 /* ProgressHUD */,
				5E71F9952B1F65640086606C /* Kingfisher */,
			);
			productName = ImageFeed;
			productReference = 5E1D66332AD01C0C007693DF /* ImageFeed.app */;
			productType = "com.apple.product-type.application";
		};
/* End PBXNativeTarget section */

/* Begin PBXProject section */
		5E1D662B2AD01C0C007693DF /* Project object */ = {
			isa = PBXProject;
			attributes = {
				BuildIndependentTargetsInParallel = 1;
				LastSwiftUpdateCheck = 1430;
				LastUpgradeCheck = 1430;
				TargetAttributes = {
					5E1D66322AD01C0C007693DF = {
						CreatedOnToolsVersion = 14.3;
					};
				};
			};
			buildConfigurationList = 5E1D662E2AD01C0C007693DF /* Build configuration list for PBXProject "ImageFeed" */;
			compatibilityVersion = "Xcode 14.0";
			developmentRegion = en;
			hasScannedForEncodings = 0;
			knownRegions = (
				en,
				Base,
				ru,
			);
			mainGroup = 5E1D662A2AD01C0C007693DF;
			packageReferences = (
				5EDEB8182B17726C00C1EC53 /* XCRemoteSwiftPackageReference "ProgressHUD" */,
				5E71F9942B1F65640086606C /* XCRemoteSwiftPackageReference "Kingfisher" */,
			);
			productRefGroup = 5E1D66342AD01C0C007693DF /* Products */;
			projectDirPath = "";
			projectRoot = "";
			targets = (
				5E1D66322AD01C0C007693DF /* ImageFeed */,
			);
		};
/* End PBXProject section */

/* Begin PBXResourcesBuildPhase section */
		5E1D66312AD01C0C007693DF /* Resources */ = {
			isa = PBXResourcesBuildPhase;
			buildActionMask = 2147483647;
			files = (
				5E1D66432AD01C0F007693DF /* LaunchScreen.storyboard in Resources */,
				5E1434BB2B10AF1E008D2602 /* Localizable.strings in Resources */,
				5E1D66402AD01C0F007693DF /* Assets.xcassets in Resources */,
			);
			runOnlyForDeploymentPostprocessing = 0;
		};
/* End PBXResourcesBuildPhase section */

/* Begin PBXSourcesBuildPhase section */
		5E1D662F2AD01C0C007693DF /* Sources */ = {
			isa = PBXSourcesBuildPhase;
			buildActionMask = 2147483647;
			files = (
				5E6F89CB2B18E44200FA6666 /* HttpMethod.swift in Sources */,
				5E1434C02B10AFC4008D2602 /* String+Ext.swift in Sources */,
				5E6F89D32B1A05E400FA6666 /* ProfileImageService.swift in Sources */,
				5EDEB8172B17548400C1EC53 /* ServiceError.swift in Sources */,
				5E1D663B2AD01C0C007693DF /* ImagesListViewController.swift in Sources */,
				5E6F89D52B1A05F500FA6666 /* UserResult.swift in Sources */,
				5E9173942B16699F00B8B8A9 /* SplashPresenter.swift in Sources */,
				5E6545EE2B14BF52004B7510 /* OAuth2Service.swift in Sources */,
				5E6545F02B14FA35004B7510 /* OAuth2TokenStorage.swift in Sources */,
				5E9173992B1669C100B8B8A9 /* SplashAssembly.swift in Sources */,
				5E6F89CF2B18E65900FA6666 /* RequestPerformer.swift in Sources */,
				5E6545DC2B1327D5004B7510 /* WebViewViewController.swift in Sources */,
				5E1C21AB2AEEC867007055A4 /* SingleImageAssembly.swift in Sources */,
				5E6545E52B13CC54004B7510 /* WebViewPresenter.swift in Sources */,
				5E6F89BC2B18DDEE00FA6666 /* ProfilePresenter.swift in Sources */,
				5E1D664F2AD3E8F6007693DF /* AssetsHelper.swift in Sources */,
				5E1D66512AD3F0D4007693DF /* UIView+Ext.swift in Sources */,
				5EDF92652AEACB210042DD43 /* TabBarController.swift in Sources */,
				5E6545E12B1328B5004B7510 /* AuthRouter.swift in Sources */,
				5E1D66372AD01C0C007693DF /* AppDelegate.swift in Sources */,
				5E6545DF2B132899004B7510 /* AuthAssembly.swift in Sources */,
				5E1C21A32AEE38AC007055A4 /* ImageListAssembly.swift in Sources */,
				5EF41EA02AF7BFC700266AFA /* AppConstant.swift in Sources */,
				5E1C21A72AEE3E4D007055A4 /* SingleImageViewController.swift in Sources */,
				5E1434B62B10A4AF008D2602 /* AuthViewController.swift in Sources */,
				5E6F89B92B18C49500FA6666 /* UIBlockingProgressHUD.swift in Sources */,
				5E34E19B2ADAFD160056F2D9 /* GradientView.swift in Sources */,
				5E1D66392AD01C0C007693DF /* SceneDelegate.swift in Sources */,
				5E9173922B16685100B8B8A9 /* SplashViewController.swift in Sources */,
				5E6545E72B13CE17004B7510 /* WebViewAssembly.swift in Sources */,
				5E6F89C82B18E23400FA6666 /* ProfileViewModel.swift in Sources */,
				5E6545E32B1328F1004B7510 /* AuthPresenter.swift in Sources */,
				5E6545EA2B14BD4A004B7510 /* OAuth2TokenResponse.swift in Sources */,
				5E1C21A12AEE36ED007055A4 /* ImagesListRouter.swift in Sources */,
				5E9173962B1669AC00B8B8A9 /* SplashRouter.swift in Sources */,
				5E1C21A92AEE4272007055A4 /* ProfileAssembly.swift in Sources */,
				5E8133422AE85D8500688D6A /* ProfileViewController.swift in Sources */,
				5E1C219F2AEE35D6007055A4 /* ImagesListPresenter.swift in Sources */,
				5E1D665D2AD485CE007693DF /* ImagesListCell.swift in Sources */,
				5E6F89C22B18E09000FA6666 /* ProfileResult.swift in Sources */,
				5E6F89BF2B18DF1400FA6666 /* ProfileService.swift in Sources */,
			);
			runOnlyForDeploymentPostprocessing = 0;
		};
/* End PBXSourcesBuildPhase section */

/* Begin PBXVariantGroup section */
		5E1434BD2B10AF1E008D2602 /* Localizable.strings */ = {
			isa = PBXVariantGroup;
			children = (
				5E1434BC2B10AF1E008D2602 /* en */,
				5E1434BE2B10AF2A008D2602 /* ru */,
			);
			name = Localizable.strings;
			sourceTree = "<group>";
		};
		5E1D66412AD01C0F007693DF /* LaunchScreen.storyboard */ = {
			isa = PBXVariantGroup;
			children = (
				5E1D66422AD01C0F007693DF /* Base */,
			);
			name = LaunchScreen.storyboard;
			sourceTree = "<group>";
		};
/* End PBXVariantGroup section */

/* Begin XCBuildConfiguration section */
		5E1D66452AD01C0F007693DF /* Debug */ = {
			isa = XCBuildConfiguration;
			buildSettings = {
				ALWAYS_SEARCH_USER_PATHS = NO;
				CLANG_ANALYZER_LOCALIZABILITY_NONLOCALIZED = YES;
				CLANG_ANALYZER_NONNULL = YES;
				CLANG_ANALYZER_NUMBER_OBJECT_CONVERSION = YES_AGGRESSIVE;
				CLANG_CXX_LANGUAGE_STANDARD = "gnu++20";
				CLANG_ENABLE_MODULES = YES;
				CLANG_ENABLE_OBJC_ARC = YES;
				CLANG_ENABLE_OBJC_WEAK = YES;
				CLANG_WARN_BLOCK_CAPTURE_AUTORELEASING = YES;
				CLANG_WARN_BOOL_CONVERSION = YES;
				CLANG_WARN_COMMA = YES;
				CLANG_WARN_CONSTANT_CONVERSION = YES;
				CLANG_WARN_DEPRECATED_OBJC_IMPLEMENTATIONS = YES;
				CLANG_WARN_DIRECT_OBJC_ISA_USAGE = YES_ERROR;
				CLANG_WARN_DOCUMENTATION_COMMENTS = YES;
				CLANG_WARN_EMPTY_BODY = YES;
				CLANG_WARN_ENUM_CONVERSION = YES;
				CLANG_WARN_INFINITE_RECURSION = YES;
				CLANG_WARN_INT_CONVERSION = YES;
				CLANG_WARN_NON_LITERAL_NULL_CONVERSION = YES;
				CLANG_WARN_OBJC_IMPLICIT_RETAIN_SELF = YES;
				CLANG_WARN_OBJC_LITERAL_CONVERSION = YES;
				CLANG_WARN_OBJC_ROOT_CLASS = YES_ERROR;
				CLANG_WARN_QUOTED_INCLUDE_IN_FRAMEWORK_HEADER = YES;
				CLANG_WARN_RANGE_LOOP_ANALYSIS = YES;
				CLANG_WARN_STRICT_PROTOTYPES = YES;
				CLANG_WARN_SUSPICIOUS_MOVE = YES;
				CLANG_WARN_UNGUARDED_AVAILABILITY = YES_AGGRESSIVE;
				CLANG_WARN_UNREACHABLE_CODE = YES;
				CLANG_WARN__DUPLICATE_METHOD_MATCH = YES;
				COPY_PHASE_STRIP = NO;
				DEBUG_INFORMATION_FORMAT = dwarf;
				ENABLE_STRICT_OBJC_MSGSEND = YES;
				ENABLE_TESTABILITY = YES;
				GCC_C_LANGUAGE_STANDARD = gnu11;
				GCC_DYNAMIC_NO_PIC = NO;
				GCC_NO_COMMON_BLOCKS = YES;
				GCC_OPTIMIZATION_LEVEL = 0;
				GCC_PREPROCESSOR_DEFINITIONS = (
					"DEBUG=1",
					"$(inherited)",
				);
				GCC_WARN_64_TO_32_BIT_CONVERSION = YES;
				GCC_WARN_ABOUT_RETURN_TYPE = YES_ERROR;
				GCC_WARN_UNDECLARED_SELECTOR = YES;
				GCC_WARN_UNINITIALIZED_AUTOS = YES_AGGRESSIVE;
				GCC_WARN_UNUSED_FUNCTION = YES;
				GCC_WARN_UNUSED_VARIABLE = YES;
				IPHONEOS_DEPLOYMENT_TARGET = 13.0;
				MTL_ENABLE_DEBUG_INFO = INCLUDE_SOURCE;
				MTL_FAST_MATH = YES;
				ONLY_ACTIVE_ARCH = YES;
				SDKROOT = iphoneos;
				SWIFT_ACTIVE_COMPILATION_CONDITIONS = DEBUG;
				SWIFT_OPTIMIZATION_LEVEL = "-Onone";
			};
			name = Debug;
		};
		5E1D66462AD01C0F007693DF /* Release */ = {
			isa = XCBuildConfiguration;
			buildSettings = {
				ALWAYS_SEARCH_USER_PATHS = NO;
				CLANG_ANALYZER_LOCALIZABILITY_NONLOCALIZED = YES;
				CLANG_ANALYZER_NONNULL = YES;
				CLANG_ANALYZER_NUMBER_OBJECT_CONVERSION = YES_AGGRESSIVE;
				CLANG_CXX_LANGUAGE_STANDARD = "gnu++20";
				CLANG_ENABLE_MODULES = YES;
				CLANG_ENABLE_OBJC_ARC = YES;
				CLANG_ENABLE_OBJC_WEAK = YES;
				CLANG_WARN_BLOCK_CAPTURE_AUTORELEASING = YES;
				CLANG_WARN_BOOL_CONVERSION = YES;
				CLANG_WARN_COMMA = YES;
				CLANG_WARN_CONSTANT_CONVERSION = YES;
				CLANG_WARN_DEPRECATED_OBJC_IMPLEMENTATIONS = YES;
				CLANG_WARN_DIRECT_OBJC_ISA_USAGE = YES_ERROR;
				CLANG_WARN_DOCUMENTATION_COMMENTS = YES;
				CLANG_WARN_EMPTY_BODY = YES;
				CLANG_WARN_ENUM_CONVERSION = YES;
				CLANG_WARN_INFINITE_RECURSION = YES;
				CLANG_WARN_INT_CONVERSION = YES;
				CLANG_WARN_NON_LITERAL_NULL_CONVERSION = YES;
				CLANG_WARN_OBJC_IMPLICIT_RETAIN_SELF = YES;
				CLANG_WARN_OBJC_LITERAL_CONVERSION = YES;
				CLANG_WARN_OBJC_ROOT_CLASS = YES_ERROR;
				CLANG_WARN_QUOTED_INCLUDE_IN_FRAMEWORK_HEADER = YES;
				CLANG_WARN_RANGE_LOOP_ANALYSIS = YES;
				CLANG_WARN_STRICT_PROTOTYPES = YES;
				CLANG_WARN_SUSPICIOUS_MOVE = YES;
				CLANG_WARN_UNGUARDED_AVAILABILITY = YES_AGGRESSIVE;
				CLANG_WARN_UNREACHABLE_CODE = YES;
				CLANG_WARN__DUPLICATE_METHOD_MATCH = YES;
				COPY_PHASE_STRIP = NO;
				DEBUG_INFORMATION_FORMAT = "dwarf-with-dsym";
				ENABLE_NS_ASSERTIONS = NO;
				ENABLE_STRICT_OBJC_MSGSEND = YES;
				GCC_C_LANGUAGE_STANDARD = gnu11;
				GCC_NO_COMMON_BLOCKS = YES;
				GCC_WARN_64_TO_32_BIT_CONVERSION = YES;
				GCC_WARN_ABOUT_RETURN_TYPE = YES_ERROR;
				GCC_WARN_UNDECLARED_SELECTOR = YES;
				GCC_WARN_UNINITIALIZED_AUTOS = YES_AGGRESSIVE;
				GCC_WARN_UNUSED_FUNCTION = YES;
				GCC_WARN_UNUSED_VARIABLE = YES;
				IPHONEOS_DEPLOYMENT_TARGET = 13.0;
				MTL_ENABLE_DEBUG_INFO = NO;
				MTL_FAST_MATH = YES;
				SDKROOT = iphoneos;
				SWIFT_COMPILATION_MODE = wholemodule;
				SWIFT_OPTIMIZATION_LEVEL = "-O";
				VALIDATE_PRODUCT = YES;
			};
			name = Release;
		};
		5E1D66482AD01C0F007693DF /* Debug */ = {
			isa = XCBuildConfiguration;
			buildSettings = {
				ASSETCATALOG_COMPILER_APPICON_NAME = AppIcon;
				ASSETCATALOG_COMPILER_GLOBAL_ACCENT_COLOR_NAME = AccentColor;
				CODE_SIGN_STYLE = Automatic;
				CURRENT_PROJECT_VERSION = 1;
				DEVELOPMENT_TEAM = X7JCT2793N;
				GENERATE_INFOPLIST_FILE = YES;
				INFOPLIST_FILE = ImageFeed/Info.plist;
				INFOPLIST_KEY_UIApplicationSupportsIndirectInputEvents = YES;
				INFOPLIST_KEY_UILaunchStoryboardName = LaunchScreen.storyboard;
				INFOPLIST_KEY_UISupportedInterfaceOrientations = UIInterfaceOrientationPortrait;
				IPHONEOS_DEPLOYMENT_TARGET = 13.0;
				LD_RUNPATH_SEARCH_PATHS = (
					"$(inherited)",
					"@executable_path/Frameworks",
				);
				MARKETING_VERSION = 1.0;
				PRODUCT_BUNDLE_IDENTIFIER = com.makovey.ImageFeed;
				PRODUCT_NAME = "$(TARGET_NAME)";
				SUPPORTED_PLATFORMS = "iphoneos iphonesimulator";
				SUPPORTS_MACCATALYST = NO;
				SUPPORTS_MAC_DESIGNED_FOR_IPHONE_IPAD = YES;
				SWIFT_EMIT_LOC_STRINGS = YES;
				SWIFT_VERSION = 5.0;
				TARGETED_DEVICE_FAMILY = 1;
			};
			name = Debug;
		};
		5E1D66492AD01C0F007693DF /* Release */ = {
			isa = XCBuildConfiguration;
			buildSettings = {
				ASSETCATALOG_COMPILER_APPICON_NAME = AppIcon;
				ASSETCATALOG_COMPILER_GLOBAL_ACCENT_COLOR_NAME = AccentColor;
				CODE_SIGN_STYLE = Automatic;
				CURRENT_PROJECT_VERSION = 1;
				DEVELOPMENT_TEAM = X7JCT2793N;
				GENERATE_INFOPLIST_FILE = YES;
				INFOPLIST_FILE = ImageFeed/Info.plist;
				INFOPLIST_KEY_UIApplicationSupportsIndirectInputEvents = YES;
				INFOPLIST_KEY_UILaunchStoryboardName = LaunchScreen.storyboard;
				INFOPLIST_KEY_UISupportedInterfaceOrientations = UIInterfaceOrientationPortrait;
				IPHONEOS_DEPLOYMENT_TARGET = 13.0;
				LD_RUNPATH_SEARCH_PATHS = (
					"$(inherited)",
					"@executable_path/Frameworks",
				);
				MARKETING_VERSION = 1.0;
				PRODUCT_BUNDLE_IDENTIFIER = com.makovey.ImageFeed;
				PRODUCT_NAME = "$(TARGET_NAME)";
				SUPPORTED_PLATFORMS = "iphoneos iphonesimulator";
				SUPPORTS_MACCATALYST = NO;
				SUPPORTS_MAC_DESIGNED_FOR_IPHONE_IPAD = YES;
				SWIFT_EMIT_LOC_STRINGS = YES;
				SWIFT_VERSION = 5.0;
				TARGETED_DEVICE_FAMILY = 1;
			};
			name = Release;
		};
/* End XCBuildConfiguration section */

/* Begin XCConfigurationList section */
		5E1D662E2AD01C0C007693DF /* Build configuration list for PBXProject "ImageFeed" */ = {
			isa = XCConfigurationList;
			buildConfigurations = (
				5E1D66452AD01C0F007693DF /* Debug */,
				5E1D66462AD01C0F007693DF /* Release */,
			);
			defaultConfigurationIsVisible = 0;
			defaultConfigurationName = Release;
		};
		5E1D66472AD01C0F007693DF /* Build configuration list for PBXNativeTarget "ImageFeed" */ = {
			isa = XCConfigurationList;
			buildConfigurations = (
				5E1D66482AD01C0F007693DF /* Debug */,
				5E1D66492AD01C0F007693DF /* Release */,
			);
			defaultConfigurationIsVisible = 0;
			defaultConfigurationName = Release;
		};
/* End XCConfigurationList section */

/* Begin XCRemoteSwiftPackageReference section */
		5E71F9942B1F65640086606C /* XCRemoteSwiftPackageReference "Kingfisher" */ = {
			isa = XCRemoteSwiftPackageReference;
			repositoryURL = "https://github.com/onevcat/Kingfisher";
			requirement = {
				kind = exactVersion;
				version = 7.10.0;
			};
		};
		5EDEB8182B17726C00C1EC53 /* XCRemoteSwiftPackageReference "ProgressHUD" */ = {
			isa = XCRemoteSwiftPackageReference;
			repositoryURL = "https://github.com/relatedcode/ProgressHUD";
			requirement = {
				kind = exactVersion;
				version = 13.8.6;
			};
		};
/* End XCRemoteSwiftPackageReference section */

/* Begin XCSwiftPackageProductDependency section */
		5E71F9952B1F65640086606C /* Kingfisher */ = {
			isa = XCSwiftPackageProductDependency;
			package = 5E71F9942B1F65640086606C /* XCRemoteSwiftPackageReference "Kingfisher" */;
			productName = Kingfisher;
		};
		5EDEB8192B17726C00C1EC53 /* ProgressHUD */ = {
			isa = XCSwiftPackageProductDependency;
			package = 5EDEB8182B17726C00C1EC53 /* XCRemoteSwiftPackageReference "ProgressHUD" */;
			productName = ProgressHUD;
		};
/* End XCSwiftPackageProductDependency section */
	};
	rootObject = 5E1D662B2AD01C0C007693DF /* Project object */;
}
